
Microsoft Visual Studio Solution File, Format Version 12.00
# Visual Studio Version 17
VisualStudioVersion = 17.2.32210.308
MinimumVisualStudioVersion = 10.0.40219.1
Project("{2150E333-8FDC-42A3-9474-1A3956D46DE8}") = "Solution Items", "Solution Items", "{E86E468D-A76B-4308-97FF-9B43627EDE8A}"
	ProjectSection(SolutionItems) = preProject
		..\.editorconfig = ..\.editorconfig
		Directory.build.props = Directory.build.props
		..\output\items.csv = ..\output\items.csv
		..\output\items.json = ..\output\items.json
		..\output\items.raw.json = ..\output\items.raw.json
		..\output\items.tsv = ..\output\items.tsv
		..\output\parts.csv = ..\output\parts.csv
		..\output\parts.md = ..\output\parts.md
		..\output\parts.tsv = ..\output\parts.tsv
		..\README.md = ..\README.md
		..\output\shops.csv = ..\output\shops.csv
		..\output\shops.tsv = ..\output\shops.tsv
		..\unlisted\unlistedItems.json = ..\unlisted\unlistedItems.json
	EndProjectSection
EndProject
Project("{9A19103F-16F7-4668-BE54-9A1E7A4F7556}") = "Shipwreck.PrimagiItems", "Shipwreck.PrimagiItems\Shipwreck.PrimagiItems.csproj", "{D1708EA3-03D4-447A-B42C-005D5536DA99}"
EndProject
Project("{9A19103F-16F7-4668-BE54-9A1E7A4F7556}") = "Shipwreck.PrimagiItems.Core", "Shipwreck.PrimagiItems.Core\Shipwreck.PrimagiItems.Core.csproj", "{817173E4-6E1C-4351-A225-707F9780BC27}"
EndProject
Project("{9A19103F-16F7-4668-BE54-9A1E7A4F7556}") = "Shipwreck.PrimagiItems.Tests", "Shipwreck.PrimagiItems.Tests\Shipwreck.PrimagiItems.Tests.csproj", "{622D9FE4-EDD6-4125-85D6-48CCD45FEB99}"
EndProject
Project("{9A19103F-16F7-4668-BE54-9A1E7A4F7556}") = "Shipwreck.PrimagiItems.Accessor", "Shipwreck.PrimagiItems.Accessor\Shipwreck.PrimagiItems.Accessor.csproj", "{ED667880-B16E-4AB2-A329-FA9A3E092D14}"
EndProject
Project("{9A19103F-16F7-4668-BE54-9A1E7A4F7556}") = "Shipwreck.PrimagiItems.Accessor.Tests", "Shipwreck.PrimagiItems.Accessor.Tests\Shipwreck.PrimagiItems.Accessor.Tests.csproj", "{4BCF672E-5388-4A05-9438-860BC242DE49}"
EndProject
Project("{2150E333-8FDC-42A3-9474-1A3956D46DE8}") = "items", "items", "{6EA117F7-E44F-4E44-B95E-93488FEC2919}"
	ProjectSection(SolutionItems) = preProject
		..\output\2P01.md = ..\output\2P01.md
		..\output\2P02.md = ..\output\2P02.md
		..\output\2P03.md = ..\output\2P03.md
		..\output\2P04.md = ..\output\2P04.md
		..\output\2P05.md = ..\output\2P05.md
		..\output\2P06.md = ..\output\2P06.md
		..\output\2P07.md = ..\output\2P07.md
		..\output\2P08.md = ..\output\2P08.md
		..\output\3P01.md = ..\output\3P01.md
		..\output\3P02.md = ..\output\3P02.md
		..\output\copies.md = ..\output\copies.md
		..\output\P01.md = ..\output\P01.md
		..\output\P02.md = ..\output\P02.md
		..\output\P03.md = ..\output\P03.md
		..\output\P04.md = ..\output\P04.md
		..\output\P05.md = ..\output\P05.md
		..\output\P06.md = ..\output\P06.md
		..\output\parts.md = ..\output\parts.md
		..\output\UNKNOWN.md = ..\output\UNKNOWN.md
	EndProjectSection
EndProject
Global
	GlobalSection(SolutionConfigurationPlatforms) = preSolution
		Debug|Any CPU = Debug|Any CPU
		Release|Any CPU = Release|Any CPU
	EndGlobalSection
	GlobalSection(ProjectConfigurationPlatforms) = postSolution
		{D1708EA3-03D4-447A-B42C-005D5536DA99}.Debug|Any CPU.ActiveCfg = Debug|Any CPU
		{D1708EA3-03D4-447A-B42C-005D5536DA99}.Debug|Any CPU.Build.0 = Debug|Any CPU
		{D1708EA3-03D4-447A-B42C-005D5536DA99}.Release|Any CPU.ActiveCfg = Release|Any CPU
		{D1708EA3-03D4-447A-B42C-005D5536DA99}.Release|Any CPU.Build.0 = Release|Any CPU
		{817173E4-6E1C-4351-A225-707F9780BC27}.Debug|Any CPU.ActiveCfg = Debug|Any CPU
		{817173E4-6E1C-4351-A225-707F9780BC27}.Debug|Any CPU.Build.0 = Debug|Any CPU
		{817173E4-6E1C-4351-A225-707F9780BC27}.Release|Any CPU.ActiveCfg = Release|Any CPU
		{817173E4-6E1C-4351-A225-707F9780BC27}.Release|Any CPU.Build.0 = Release|Any CPU
		{622D9FE4-EDD6-4125-85D6-48CCD45FEB99}.Debug|Any CPU.ActiveCfg = Debug|Any CPU
		{622D9FE4-EDD6-4125-85D6-48CCD45FEB99}.Debug|Any CPU.Build.0 = Debug|Any CPU
		{622D9FE4-EDD6-4125-85D6-48CCD45FEB99}.Release|Any CPU.ActiveCfg = Release|Any CPU
		{622D9FE4-EDD6-4125-85D6-48CCD45FEB99}.Release|Any CPU.Build.0 = Release|Any CPU
		{ED667880-B16E-4AB2-A329-FA9A3E092D14}.Debug|Any CPU.ActiveCfg = Debug|Any CPU
		{ED667880-B16E-4AB2-A329-FA9A3E092D14}.Debug|Any CPU.Build.0 = Debug|Any CPU
		{ED667880-B16E-4AB2-A329-FA9A3E092D14}.Release|Any CPU.ActiveCfg = Release|Any CPU
		{ED667880-B16E-4AB2-A329-FA9A3E092D14}.Release|Any CPU.Build.0 = Release|Any CPU
		{4BCF672E-5388-4A05-9438-860BC242DE49}.Debug|Any CPU.ActiveCfg = Debug|Any CPU
		{4BCF672E-5388-4A05-9438-860BC242DE49}.Debug|Any CPU.Build.0 = Debug|Any CPU
		{4BCF672E-5388-4A05-9438-860BC242DE49}.Release|Any CPU.ActiveCfg = Release|Any CPU
		{4BCF672E-5388-4A05-9438-860BC242DE49}.Release|Any CPU.Build.0 = Release|Any CPU
	EndGlobalSection
	GlobalSection(SolutionProperties) = preSolution
		HideSolutionNode = FALSE
	EndGlobalSection
	GlobalSection(NestedProjects) = preSolution
		{6EA117F7-E44F-4E44-B95E-93488FEC2919} = {E86E468D-A76B-4308-97FF-9B43627EDE8A}
	EndGlobalSection
	GlobalSection(ExtensibilityGlobals) = postSolution
		SolutionGuid = {F0483968-D7B3-467A-B255-1D5FF47F553C}
	EndGlobalSection
EndGlobal
